// !$*UTF8*$!
{
	archiveVersion = 1;
	classes = {
	};
	objectVersion = 56;
	objects = {

/* Begin PBXBuildFile section */
		18575DE42C0DAF660014D247 /* ChatAppApp.swift in Sources */ = {isa = PBXBuildFile; fileRef = 18575DE32C0DAF660014D247 /* ChatAppApp.swift */; };
		18575DE62C0DAF660014D247 /* ContentView.swift in Sources */ = {isa = PBXBuildFile; fileRef = 18575DE52C0DAF660014D247 /* ContentView.swift */; };
		18575DE82C0DAF680014D247 /* Assets.xcassets in Resources */ = {isa = PBXBuildFile; fileRef = 18575DE72C0DAF680014D247 /* Assets.xcassets */; };
		18575DEB2C0DAF680014D247 /* Preview Assets.xcassets in Resources */ = {isa = PBXBuildFile; fileRef = 18575DEA2C0DAF680014D247 /* Preview Assets.xcassets */; };
		18575DF52C0DAF680014D247 /* ChatAppTests.swift in Sources */ = {isa = PBXBuildFile; fileRef = 18575DF42C0DAF680014D247 /* ChatAppTests.swift */; };
		18575DFF2C0DAF680014D247 /* ChatAppUITests.swift in Sources */ = {isa = PBXBuildFile; fileRef = 18575DFE2C0DAF680014D247 /* ChatAppUITests.swift */; };
		18575E012C0DAF680014D247 /* ChatAppUITestsLaunchTests.swift in Sources */ = {isa = PBXBuildFile; fileRef = 18575E002C0DAF680014D247 /* ChatAppUITestsLaunchTests.swift */; };
		18575E112C0DAFA10014D247 /* Login.swift in Sources */ = {isa = PBXBuildFile; fileRef = 18575E102C0DAFA10014D247 /* Login.swift */; };
		18575E132C0DAFB10014D247 /* Signup.swift in Sources */ = {isa = PBXBuildFile; fileRef = 18575E122C0DAFB10014D247 /* Signup.swift */; };
		18575E162C0DD38F0014D247 /* User.swift in Sources */ = {isa = PBXBuildFile; fileRef = 18575E152C0DD38F0014D247 /* User.swift */; };
		18575E1A2C0DD4310014D247 /* LoginSignupRepo.swift in Sources */ = {isa = PBXBuildFile; fileRef = 18575E192C0DD4310014D247 /* LoginSignupRepo.swift */; };
		18575E1D2C0DD4990014D247 /* LoginVIewModel.swift in Sources */ = {isa = PBXBuildFile; fileRef = 18575E1C2C0DD4990014D247 /* LoginVIewModel.swift */; };
		18575E212C0DDAD50014D247 /* GoogleService-Info.plist in Resources */ = {isa = PBXBuildFile; fileRef = 18575E202C0DDAD50014D247 /* GoogleService-Info.plist */; };
		18575E242C0E19050014D247 /* FirebaseAuth in Frameworks */ = {isa = PBXBuildFile; productRef = 18575E232C0E19050014D247 /* FirebaseAuth */; };
		18575E262C0E19050014D247 /* FirebaseStorage in Frameworks */ = {isa = PBXBuildFile; productRef = 18575E252C0E19050014D247 /* FirebaseStorage */; };
		18575E292C0E37A50014D247 /* LoginAuth.swift in Sources */ = {isa = PBXBuildFile; fileRef = 18575E282C0E37A50014D247 /* LoginAuth.swift */; };
		18575E2B2C0E3D3D0014D247 /* SignupAuth.swift in Sources */ = {isa = PBXBuildFile; fileRef = 18575E2A2C0E3D3D0014D247 /* SignupAuth.swift */; };
		18575E2D2C0EDF5F0014D247 /* SingUpViewModel.swift in Sources */ = {isa = PBXBuildFile; fileRef = 18575E2C2C0EDF5F0014D247 /* SingUpViewModel.swift */; };
		18CBC7A32C102D8A00988BA5 /* DIContainer.swift in Sources */ = {isa = PBXBuildFile; fileRef = 18CBC7A22C102D8A00988BA5 /* DIContainer.swift */; };
/* End PBXBuildFile section */

/* Begin PBXContainerItemProxy section */
		18575DF12C0DAF680014D247 /* PBXContainerItemProxy */ = {
			isa = PBXContainerItemProxy;
			containerPortal = 18575DD82C0DAF660014D247 /* Project object */;
			proxyType = 1;
			remoteGlobalIDString = 18575DDF2C0DAF660014D247;
			remoteInfo = ChatApp;
		};
		18575DFB2C0DAF680014D247 /* PBXContainerItemProxy */ = {
			isa = PBXContainerItemProxy;
			containerPortal = 18575DD82C0DAF660014D247 /* Project object */;
			proxyType = 1;
			remoteGlobalIDString = 18575DDF2C0DAF660014D247;
			remoteInfo = ChatApp;
		};
/* End PBXContainerItemProxy section */

/* Begin PBXFileReference section */
		18575DE02C0DAF660014D247 /* ChatApp.app */ = {isa = PBXFileReference; explicitFileType = wrapper.application; includeInIndex = 0; path = ChatApp.app; sourceTree = BUILT_PRODUCTS_DIR; };
		18575DE32C0DAF660014D247 /* ChatAppApp.swift */ = {isa = PBXFileReference; lastKnownFileType = sourcecode.swift; path = ChatAppApp.swift; sourceTree = "<group>"; };
		18575DE52C0DAF660014D247 /* ContentView.swift */ = {isa = PBXFileReference; lastKnownFileType = sourcecode.swift; path = ContentView.swift; sourceTree = "<group>"; };
		18575DE72C0DAF680014D247 /* Assets.xcassets */ = {isa = PBXFileReference; lastKnownFileType = folder.assetcatalog; path = Assets.xcassets; sourceTree = "<group>"; };
		18575DEA2C0DAF680014D247 /* Preview Assets.xcassets */ = {isa = PBXFileReference; lastKnownFileType = folder.assetcatalog; path = "Preview Assets.xcassets"; sourceTree = "<group>"; };
		18575DF02C0DAF680014D247 /* ChatAppTests.xctest */ = {isa = PBXFileReference; explicitFileType = wrapper.cfbundle; includeInIndex = 0; path = ChatAppTests.xctest; sourceTree = BUILT_PRODUCTS_DIR; };
		18575DF42C0DAF680014D247 /* ChatAppTests.swift */ = {isa = PBXFileReference; lastKnownFileType = sourcecode.swift; path = ChatAppTests.swift; sourceTree = "<group>"; };
		18575DFA2C0DAF680014D247 /* ChatAppUITests.xctest */ = {isa = PBXFileReference; explicitFileType = wrapper.cfbundle; includeInIndex = 0; path = ChatAppUITests.xctest; sourceTree = BUILT_PRODUCTS_DIR; };
		18575DFE2C0DAF680014D247 /* ChatAppUITests.swift */ = {isa = PBXFileReference; lastKnownFileType = sourcecode.swift; path = ChatAppUITests.swift; sourceTree = "<group>"; };
		18575E002C0DAF680014D247 /* ChatAppUITestsLaunchTests.swift */ = {isa = PBXFileReference; lastKnownFileType = sourcecode.swift; path = ChatAppUITestsLaunchTests.swift; sourceTree = "<group>"; };
		18575E102C0DAFA10014D247 /* Login.swift */ = {isa = PBXFileReference; lastKnownFileType = sourcecode.swift; path = Login.swift; sourceTree = "<group>"; };
		18575E122C0DAFB10014D247 /* Signup.swift */ = {isa = PBXFileReference; lastKnownFileType = sourcecode.swift; path = Signup.swift; sourceTree = "<group>"; };
		18575E152C0DD38F0014D247 /* User.swift */ = {isa = PBXFileReference; lastKnownFileType = sourcecode.swift; path = User.swift; sourceTree = "<group>"; };
		18575E192C0DD4310014D247 /* LoginSignupRepo.swift */ = {isa = PBXFileReference; lastKnownFileType = sourcecode.swift; path = LoginSignupRepo.swift; sourceTree = "<group>"; };
		18575E1C2C0DD4990014D247 /* LoginVIewModel.swift */ = {isa = PBXFileReference; lastKnownFileType = sourcecode.swift; path = LoginVIewModel.swift; sourceTree = "<group>"; };
		18575E202C0DDAD50014D247 /* GoogleService-Info.plist */ = {isa = PBXFileReference; fileEncoding = 4; lastKnownFileType = text.plist.xml; path = "GoogleService-Info.plist"; sourceTree = "<group>"; };
		18575E282C0E37A50014D247 /* LoginAuth.swift */ = {isa = PBXFileReference; lastKnownFileType = sourcecode.swift; path = LoginAuth.swift; sourceTree = "<group>"; };
		18575E2A2C0E3D3D0014D247 /* SignupAuth.swift */ = {isa = PBXFileReference; lastKnownFileType = sourcecode.swift; path = SignupAuth.swift; sourceTree = "<group>"; };
		18575E2C2C0EDF5F0014D247 /* SingUpViewModel.swift */ = {isa = PBXFileReference; lastKnownFileType = sourcecode.swift; path = SingUpViewModel.swift; sourceTree = "<group>"; };
		18CBC7A22C102D8A00988BA5 /* DIContainer.swift */ = {isa = PBXFileReference; lastKnownFileType = sourcecode.swift; path = DIContainer.swift; sourceTree = "<group>"; };
/* End PBXFileReference section */

/* Begin PBXFrameworksBuildPhase section */
		18575DDD2C0DAF660014D247 /* Frameworks */ = {
			isa = PBXFrameworksBuildPhase;
			buildActionMask = 2147483647;
			files = (
				18575E242C0E19050014D247 /* FirebaseAuth in Frameworks */,
				18575E262C0E19050014D247 /* FirebaseStorage in Frameworks */,
			);
			runOnlyForDeploymentPostprocessing = 0;
		};
		18575DED2C0DAF680014D247 /* Frameworks */ = {
			isa = PBXFrameworksBuildPhase;
			buildActionMask = 2147483647;
			files = (
			);
			runOnlyForDeploymentPostprocessing = 0;
		};
		18575DF72C0DAF680014D247 /* Frameworks */ = {
			isa = PBXFrameworksBuildPhase;
			buildActionMask = 2147483647;
			files = (
			);
			runOnlyForDeploymentPostprocessing = 0;
		};
/* End PBXFrameworksBuildPhase section */

/* Begin PBXGroup section */
		18575DD72C0DAF660014D247 = {
			isa = PBXGroup;
			children = (
				18575DE22C0DAF660014D247 /* ChatApp */,
				18575DF32C0DAF680014D247 /* ChatAppTests */,
				18575DFD2C0DAF680014D247 /* ChatAppUITests */,
				18575DE12C0DAF660014D247 /* Products */,
			);
			sourceTree = "<group>";
		};
		18575DE12C0DAF660014D247 /* Products */ = {
			isa = PBXGroup;
			children = (
				18575DE02C0DAF660014D247 /* ChatApp.app */,
				18575DF02C0DAF680014D247 /* ChatAppTests.xctest */,
				18575DFA2C0DAF680014D247 /* ChatAppUITests.xctest */,
			);
			name = Products;
			sourceTree = "<group>";
		};
		18575DE22C0DAF660014D247 /* ChatApp */ = {
			isa = PBXGroup;
			children = (
				18575E202C0DDAD50014D247 /* GoogleService-Info.plist */,
				18575DE32C0DAF660014D247 /* ChatAppApp.swift */,
				18575DE52C0DAF660014D247 /* ContentView.swift */,
				18575E0D2C0DAF7C0014D247 /* Auth */,
				18575DE72C0DAF680014D247 /* Assets.xcassets */,
				18575DE92C0DAF680014D247 /* Preview Content */,
			);
			path = ChatApp;
			sourceTree = "<group>";
		};
		18575DE92C0DAF680014D247 /* Preview Content */ = {
			isa = PBXGroup;
			children = (
				18575DEA2C0DAF680014D247 /* Preview Assets.xcassets */,
			);
			path = "Preview Content";
			sourceTree = "<group>";
		};
		18575DF32C0DAF680014D247 /* ChatAppTests */ = {
			isa = PBXGroup;
			children = (
				18575DF42C0DAF680014D247 /* ChatAppTests.swift */,
			);
			path = ChatAppTests;
			sourceTree = "<group>";
		};
		18575DFD2C0DAF680014D247 /* ChatAppUITests */ = {
			isa = PBXGroup;
			children = (
				18575DFE2C0DAF680014D247 /* ChatAppUITests.swift */,
				18575E002C0DAF680014D247 /* ChatAppUITestsLaunchTests.swift */,
			);
			path = ChatAppUITests;
			sourceTree = "<group>";
		};
		18575E0D2C0DAF7C0014D247 /* Auth */ = {
			isa = PBXGroup;
			children = (
				18CBC7A12C102A9400988BA5 /* DI */,
				18575E272C0E37930014D247 /* Data */,
				18575E142C0DD37B0014D247 /* Domain */,
				18575E0E2C0DAF860014D247 /* Presentation */,
			);
			path = Auth;
			sourceTree = "<group>";
		};
		18575E0E2C0DAF860014D247 /* Presentation */ = {
			isa = PBXGroup;
			children = (
				18575E1B2C0DD4860014D247 /* ViewModel */,
				18575E0F2C0DAF930014D247 /* Views */,
			);
			path = Presentation;
			sourceTree = "<group>";
		};
		18575E0F2C0DAF930014D247 /* Views */ = {
			isa = PBXGroup;
			children = (
				18575E102C0DAFA10014D247 /* Login.swift */,
				18575E122C0DAFB10014D247 /* Signup.swift */,
			);
			path = Views;
			sourceTree = "<group>";
		};
		18575E142C0DD37B0014D247 /* Domain */ = {
			isa = PBXGroup;
			children = (
				18575E182C0DD41B0014D247 /* Repo */,
				18575E172C0DD40A0014D247 /* Model */,
			);
			path = Domain;
			sourceTree = "<group>";
		};
		18575E172C0DD40A0014D247 /* Model */ = {
			isa = PBXGroup;
			children = (
				18575E152C0DD38F0014D247 /* User.swift */,
			);
			path = Model;
			sourceTree = "<group>";
		};
		18575E182C0DD41B0014D247 /* Repo */ = {
			isa = PBXGroup;
			children = (
				18575E192C0DD4310014D247 /* LoginSignupRepo.swift */,
			);
			path = Repo;
			sourceTree = "<group>";
		};
		18575E1B2C0DD4860014D247 /* ViewModel */ = {
			isa = PBXGroup;
			children = (
				18575E1C2C0DD4990014D247 /* LoginVIewModel.swift */,
				18575E2C2C0EDF5F0014D247 /* SingUpViewModel.swift */,
			);
			path = ViewModel;
			sourceTree = "<group>";
		};
		18575E272C0E37930014D247 /* Data */ = {
			isa = PBXGroup;
			children = (
				18575E282C0E37A50014D247 /* LoginAuth.swift */,
				18575E2A2C0E3D3D0014D247 /* SignupAuth.swift */,
			);
			path = Data;
			sourceTree = "<group>";
		};
		18CBC7A12C102A9400988BA5 /* DI */ = {
			isa = PBXGroup;
			children = (
				18CBC7A22C102D8A00988BA5 /* DIContainer.swift */,
			);
			path = DI;
			sourceTree = "<group>";
		};
/* End PBXGroup section */

/* Begin PBXNativeTarget section */
		18575DDF2C0DAF660014D247 /* ChatApp */ = {
			isa = PBXNativeTarget;
			buildConfigurationList = 18575E042C0DAF680014D247 /* Build configuration list for PBXNativeTarget "ChatApp" */;
			buildPhases = (
				18575DDC2C0DAF660014D247 /* Sources */,
				18575DDD2C0DAF660014D247 /* Frameworks */,
				18575DDE2C0DAF660014D247 /* Resources */,
			);
			buildRules = (
			);
			dependencies = (
			);
			name = ChatApp;
			packageProductDependencies = (
				18575E232C0E19050014D247 /* FirebaseAuth */,
				18575E252C0E19050014D247 /* FirebaseStorage */,
			);
			productName = ChatApp;
			productReference = 18575DE02C0DAF660014D247 /* ChatApp.app */;
			productType = "com.apple.product-type.application";
		};
		18575DEF2C0DAF680014D247 /* ChatAppTests */ = {
			isa = PBXNativeTarget;
			buildConfigurationList = 18575E072C0DAF680014D247 /* Build configuration list for PBXNativeTarget "ChatAppTests" */;
			buildPhases = (
				18575DEC2C0DAF680014D247 /* Sources */,
				18575DED2C0DAF680014D247 /* Frameworks */,
				18575DEE2C0DAF680014D247 /* Resources */,
			);
			buildRules = (
			);
			dependencies = (
				18575DF22C0DAF680014D247 /* PBXTargetDependency */,
			);
			name = ChatAppTests;
			productName = ChatAppTests;
			productReference = 18575DF02C0DAF680014D247 /* ChatAppTests.xctest */;
			productType = "com.apple.product-type.bundle.unit-test";
		};
		18575DF92C0DAF680014D247 /* ChatAppUITests */ = {
			isa = PBXNativeTarget;
			buildConfigurationList = 18575E0A2C0DAF680014D247 /* Build configuration list for PBXNativeTarget "ChatAppUITests" */;
			buildPhases = (
				18575DF62C0DAF680014D247 /* Sources */,
				18575DF72C0DAF680014D247 /* Frameworks */,
				18575DF82C0DAF680014D247 /* Resources */,
			);
			buildRules = (
			);
			dependencies = (
				18575DFC2C0DAF680014D247 /* PBXTargetDependency */,
			);
			name = ChatAppUITests;
			productName = ChatAppUITests;
			productReference = 18575DFA2C0DAF680014D247 /* ChatAppUITests.xctest */;
			productType = "com.apple.product-type.bundle.ui-testing";
		};
/* End PBXNativeTarget section */

/* Begin PBXProject section */
		18575DD82C0DAF660014D247 /* Project object */ = {
			isa = PBXProject;
			attributes = {
				BuildIndependentTargetsInParallel = 1;
				LastSwiftUpdateCheck = 1540;
				LastUpgradeCheck = 1540;
				TargetAttributes = {
					18575DDF2C0DAF660014D247 = {
						CreatedOnToolsVersion = 15.4;
					};
					18575DEF2C0DAF680014D247 = {
						CreatedOnToolsVersion = 15.4;
						TestTargetID = 18575DDF2C0DAF660014D247;
					};
					18575DF92C0DAF680014D247 = {
						CreatedOnToolsVersion = 15.4;
						TestTargetID = 18575DDF2C0DAF660014D247;
					};
				};
			};
			buildConfigurationList = 18575DDB2C0DAF660014D247 /* Build configuration list for PBXProject "ChatApp" */;
			compatibilityVersion = "Xcode 14.0";
			developmentRegion = en;
			hasScannedForEncodings = 0;
			knownRegions = (
				en,
				Base,
			);
			mainGroup = 18575DD72C0DAF660014D247;
			packageReferences = (
				18575E222C0E19050014D247 /* XCRemoteSwiftPackageReference "firebase-ios-sdk" */,
			);
			productRefGroup = 18575DE12C0DAF660014D247 /* Products */;
			projectDirPath = "";
			projectRoot = "";
			targets = (
				18575DDF2C0DAF660014D247 /* ChatApp */,
				18575DEF2C0DAF680014D247 /* ChatAppTests */,
				18575DF92C0DAF680014D247 /* ChatAppUITests */,
			);
		};
/* End PBXProject section */

/* Begin PBXResourcesBuildPhase section */
		18575DDE2C0DAF660014D247 /* Resources */ = {
			isa = PBXResourcesBuildPhase;
			buildActionMask = 2147483647;
			files = (
				18575DEB2C0DAF680014D247 /* Preview Assets.xcassets in Resources */,
				18575DE82C0DAF680014D247 /* Assets.xcassets in Resources */,
				18575E212C0DDAD50014D247 /* GoogleService-Info.plist in Resources */,
			);
			runOnlyForDeploymentPostprocessing = 0;
		};
		18575DEE2C0DAF680014D247 /* Resources */ = {
			isa = PBXResourcesBuildPhase;
			buildActionMask = 2147483647;
			files = (
			);
			runOnlyForDeploymentPostprocessing = 0;
		};
		18575DF82C0DAF680014D247 /* Resources */ = {
			isa = PBXResourcesBuildPhase;
			buildActionMask = 2147483647;
			files = (
			);
			runOnlyForDeploymentPostprocessing = 0;
		};
/* End PBXResourcesBuildPhase section */

/* Begin PBXSourcesBuildPhase section */
		18575DDC2C0DAF660014D247 /* Sources */ = {
			isa = PBXSourcesBuildPhase;
			buildActionMask = 2147483647;
			files = (
				18575E112C0DAFA10014D247 /* Login.swift in Sources */,
				18CBC7A32C102D8A00988BA5 /* DIContainer.swift in Sources */,
				18575E2D2C0EDF5F0014D247 /* SingUpViewModel.swift in Sources */,
				18575E132C0DAFB10014D247 /* Signup.swift in Sources */,
				18575E1D2C0DD4990014D247 /* LoginVIewModel.swift in Sources */,
				18575E292C0E37A50014D247 /* LoginAuth.swift in Sources */,
				18575E2B2C0E3D3D0014D247 /* SignupAuth.swift in Sources */,
				18575DE62C0DAF660014D247 /* ContentView.swift in Sources */,
				18575E162C0DD38F0014D247 /* User.swift in Sources */,
				18575DE42C0DAF660014D247 /* ChatAppApp.swift in Sources */,
				18575E1A2C0DD4310014D247 /* LoginSignupRepo.swift in Sources */,
			);
			runOnlyForDeploymentPostprocessing = 0;
		};
		18575DEC2C0DAF680014D247 /* Sources */ = {
			isa = PBXSourcesBuildPhase;
			buildActionMask = 2147483647;
			files = (
				18575DF52C0DAF680014D247 /* ChatAppTests.swift in Sources */,
			);
			runOnlyForDeploymentPostprocessing = 0;
		};
		18575DF62C0DAF680014D247 /* Sources */ = {
			isa = PBXSourcesBuildPhase;
			buildActionMask = 2147483647;
			files = (
				18575E012C0DAF680014D247 /* ChatAppUITestsLaunchTests.swift in Sources */,
				18575DFF2C0DAF680014D247 /* ChatAppUITests.swift in Sources */,
			);
			runOnlyForDeploymentPostprocessing = 0;
		};
/* End PBXSourcesBuildPhase section */

/* Begin PBXTargetDependency section */
		18575DF22C0DAF680014D247 /* PBXTargetDependency */ = {
			isa = PBXTargetDependency;
			target = 18575DDF2C0DAF660014D247 /* ChatApp */;
			targetProxy = 18575DF12C0DAF680014D247 /* PBXContainerItemProxy */;
		};
		18575DFC2C0DAF680014D247 /* PBXTargetDependency */ = {
			isa = PBXTargetDependency;
			target = 18575DDF2C0DAF660014D247 /* ChatApp */;
			targetProxy = 18575DFB2C0DAF680014D247 /* PBXContainerItemProxy */;
		};
/* End PBXTargetDependency section */

/* Begin XCBuildConfiguration section */
		18575E022C0DAF680014D247 /* Debug */ = {
			isa = XCBuildConfiguration;
			buildSettings = {
				ALWAYS_SEARCH_USER_PATHS = NO;
				ASSETCATALOG_COMPILER_GENERATE_SWIFT_ASSET_SYMBOL_EXTENSIONS = YES;
				CLANG_ANALYZER_NONNULL = YES;
				CLANG_ANALYZER_NUMBER_OBJECT_CONVERSION = YES_AGGRESSIVE;
				CLANG_CXX_LANGUAGE_STANDARD = "gnu++20";
				CLANG_ENABLE_MODULES = YES;
				CLANG_ENABLE_OBJC_ARC = YES;
				CLANG_ENABLE_OBJC_WEAK = YES;
				CLANG_WARN_BLOCK_CAPTURE_AUTORELEASING = YES;
				CLANG_WARN_BOOL_CONVERSION = YES;
				CLANG_WARN_COMMA = YES;
				CLANG_WARN_CONSTANT_CONVERSION = YES;
				CLANG_WARN_DEPRECATED_OBJC_IMPLEMENTATIONS = YES;
				CLANG_WARN_DIRECT_OBJC_ISA_USAGE = YES_ERROR;
				CLANG_WARN_DOCUMENTATION_COMMENTS = YES;
				CLANG_WARN_EMPTY_BODY = YES;
				CLANG_WARN_ENUM_CONVERSION = YES;
				CLANG_WARN_INFINITE_RECURSION = YES;
				CLANG_WARN_INT_CONVERSION = YES;
				CLANG_WARN_NON_LITERAL_NULL_CONVERSION = YES;
				CLANG_WARN_OBJC_IMPLICIT_RETAIN_SELF = YES;
				CLANG_WARN_OBJC_LITERAL_CONVERSION = YES;
				CLANG_WARN_OBJC_ROOT_CLASS = YES_ERROR;
				CLANG_WARN_QUOTED_INCLUDE_IN_FRAMEWORK_HEADER = YES;
				CLANG_WARN_RANGE_LOOP_ANALYSIS = YES;
				CLANG_WARN_STRICT_PROTOTYPES = YES;
				CLANG_WARN_SUSPICIOUS_MOVE = YES;
				CLANG_WARN_UNGUARDED_AVAILABILITY = YES_AGGRESSIVE;
				CLANG_WARN_UNREACHABLE_CODE = YES;
				CLANG_WARN__DUPLICATE_METHOD_MATCH = YES;
				COPY_PHASE_STRIP = NO;
				DEBUG_INFORMATION_FORMAT = dwarf;
				ENABLE_STRICT_OBJC_MSGSEND = YES;
				ENABLE_TESTABILITY = YES;
				ENABLE_USER_SCRIPT_SANDBOXING = YES;
				GCC_C_LANGUAGE_STANDARD = gnu17;
				GCC_DYNAMIC_NO_PIC = NO;
				GCC_NO_COMMON_BLOCKS = YES;
				GCC_OPTIMIZATION_LEVEL = 0;
				GCC_PREPROCESSOR_DEFINITIONS = (
					"DEBUG=1",
					"$(inherited)",
				);
				GCC_WARN_64_TO_32_BIT_CONVERSION = YES;
				GCC_WARN_ABOUT_RETURN_TYPE = YES_ERROR;
				GCC_WARN_UNDECLARED_SELECTOR = YES;
				GCC_WARN_UNINITIALIZED_AUTOS = YES_AGGRESSIVE;
				GCC_WARN_UNUSED_FUNCTION = YES;
				GCC_WARN_UNUSED_VARIABLE = YES;
				IPHONEOS_DEPLOYMENT_TARGET = 17.5;
				LOCALIZATION_PREFERS_STRING_CATALOGS = YES;
				MTL_ENABLE_DEBUG_INFO = INCLUDE_SOURCE;
				MTL_FAST_MATH = YES;
				ONLY_ACTIVE_ARCH = YES;
				SDKROOT = iphoneos;
				SWIFT_ACTIVE_COMPILATION_CONDITIONS = "DEBUG $(inherited)";
				SWIFT_OPTIMIZATION_LEVEL = "-Onone";
			};
			name = Debug;
		};
		18575E032C0DAF680014D247 /* Release */ = {
			isa = XCBuildConfiguration;
			buildSettings = {
				ALWAYS_SEARCH_USER_PATHS = NO;
				ASSETCATALOG_COMPILER_GENERATE_SWIFT_ASSET_SYMBOL_EXTENSIONS = YES;
				CLANG_ANALYZER_NONNULL = YES;
				CLANG_ANALYZER_NUMBER_OBJECT_CONVERSION = YES_AGGRESSIVE;
				CLANG_CXX_LANGUAGE_STANDARD = "gnu++20";
				CLANG_ENABLE_MODULES = YES;
				CLANG_ENABLE_OBJC_ARC = YES;
				CLANG_ENABLE_OBJC_WEAK = YES;
				CLANG_WARN_BLOCK_CAPTURE_AUTORELEASING = YES;
				CLANG_WARN_BOOL_CONVERSION = YES;
				CLANG_WARN_COMMA = YES;
				CLANG_WARN_CONSTANT_CONVERSION = YES;
				CLANG_WARN_DEPRECATED_OBJC_IMPLEMENTATIONS = YES;
				CLANG_WARN_DIRECT_OBJC_ISA_USAGE = YES_ERROR;
				CLANG_WARN_DOCUMENTATION_COMMENTS = YES;
				CLANG_WARN_EMPTY_BODY = YES;
				CLANG_WARN_ENUM_CONVERSION = YES;
				CLANG_WARN_INFINITE_RECURSION = YES;
				CLANG_WARN_INT_CONVERSION = YES;
				CLANG_WARN_NON_LITERAL_NULL_CONVERSION = YES;
				CLANG_WARN_OBJC_IMPLICIT_RETAIN_SELF = YES;
				CLANG_WARN_OBJC_LITERAL_CONVERSION = YES;
				CLANG_WARN_OBJC_ROOT_CLASS = YES_ERROR;
				CLANG_WARN_QUOTED_INCLUDE_IN_FRAMEWORK_HEADER = YES;
				CLANG_WARN_RANGE_LOOP_ANALYSIS = YES;
				CLANG_WARN_STRICT_PROTOTYPES = YES;
				CLANG_WARN_SUSPICIOUS_MOVE = YES;
				CLANG_WARN_UNGUARDED_AVAILABILITY = YES_AGGRESSIVE;
				CLANG_WARN_UNREACHABLE_CODE = YES;
				CLANG_WARN__DUPLICATE_METHOD_MATCH = YES;
				COPY_PHASE_STRIP = NO;
				DEBUG_INFORMATION_FORMAT = "dwarf-with-dsym";
				ENABLE_NS_ASSERTIONS = NO;
				ENABLE_STRICT_OBJC_MSGSEND = YES;
				ENABLE_USER_SCRIPT_SANDBOXING = YES;
				GCC_C_LANGUAGE_STANDARD = gnu17;
				GCC_NO_COMMON_BLOCKS = YES;
				GCC_WARN_64_TO_32_BIT_CONVERSION = YES;
				GCC_WARN_ABOUT_RETURN_TYPE = YES_ERROR;
				GCC_WARN_UNDECLARED_SELECTOR = YES;
				GCC_WARN_UNINITIALIZED_AUTOS = YES_AGGRESSIVE;
				GCC_WARN_UNUSED_FUNCTION = YES;
				GCC_WARN_UNUSED_VARIABLE = YES;
				IPHONEOS_DEPLOYMENT_TARGET = 17.5;
				LOCALIZATION_PREFERS_STRING_CATALOGS = YES;
				MTL_ENABLE_DEBUG_INFO = NO;
				MTL_FAST_MATH = YES;
				SDKROOT = iphoneos;
				SWIFT_COMPILATION_MODE = wholemodule;
				VALIDATE_PRODUCT = YES;
			};
			name = Release;
		};
		18575E052C0DAF680014D247 /* Debug */ = {
			isa = XCBuildConfiguration;
			buildSettings = {
				ASSETCATALOG_COMPILER_APPICON_NAME = AppIcon;
				ASSETCATALOG_COMPILER_GLOBAL_ACCENT_COLOR_NAME = AccentColor;
				CODE_SIGN_STYLE = Automatic;
				CURRENT_PROJECT_VERSION = 1;
				DEVELOPMENT_ASSET_PATHS = "\"ChatApp/Preview Content\"";
				DEVELOPMENT_TEAM = C7RX29D33F;
				ENABLE_PREVIEWS = YES;
				GENERATE_INFOPLIST_FILE = YES;
				INFOPLIST_KEY_UIApplicationSceneManifest_Generation = YES;
				INFOPLIST_KEY_UIApplicationSupportsIndirectInputEvents = YES;
				INFOPLIST_KEY_UILaunchScreen_Generation = YES;
				INFOPLIST_KEY_UISupportedInterfaceOrientations_iPad = "UIInterfaceOrientationPortrait UIInterfaceOrientationPortraitUpsideDown UIInterfaceOrientationLandscapeLeft UIInterfaceOrientationLandscapeRight";
				INFOPLIST_KEY_UISupportedInterfaceOrientations_iPhone = "UIInterfaceOrientationPortrait UIInterfaceOrientationLandscapeLeft UIInterfaceOrientationLandscapeRight";
				LD_RUNPATH_SEARCH_PATHS = (
					"$(inherited)",
					"@executable_path/Frameworks",
				);
				MARKETING_VERSION = 1.0;
				PRODUCT_BUNDLE_IDENTIFIER = ola.ChatApp;
				PRODUCT_NAME = "$(TARGET_NAME)";
				SWIFT_EMIT_LOC_STRINGS = YES;
				SWIFT_VERSION = 5.0;
				TARGETED_DEVICE_FAMILY = "1,2";
			};
			name = Debug;
		};
		18575E062C0DAF680014D247 /* Release */ = {
			isa = XCBuildConfiguration;
			buildSettings = {
				ASSETCATALOG_COMPILER_APPICON_NAME = AppIcon;
				ASSETCATALOG_COMPILER_GLOBAL_ACCENT_COLOR_NAME = AccentColor;
				CODE_SIGN_STYLE = Automatic;
				CURRENT_PROJECT_VERSION = 1;
				DEVELOPMENT_ASSET_PATHS = "\"ChatApp/Preview Content\"";
				DEVELOPMENT_TEAM = C7RX29D33F;
				ENABLE_PREVIEWS = YES;
				GENERATE_INFOPLIST_FILE = YES;
				INFOPLIST_KEY_UIApplicationSceneManifest_Generation = YES;
				INFOPLIST_KEY_UIApplicationSupportsIndirectInputEvents = YES;
				INFOPLIST_KEY_UILaunchScreen_Generation = YES;
				INFOPLIST_KEY_UISupportedInterfaceOrientations_iPad = "UIInterfaceOrientationPortrait UIInterfaceOrientationPortraitUpsideDown UIInterfaceOrientationLandscapeLeft UIInterfaceOrientationLandscapeRight";
				INFOPLIST_KEY_UISupportedInterfaceOrientations_iPhone = "UIInterfaceOrientationPortrait UIInterfaceOrientationLandscapeLeft UIInterfaceOrientationLandscapeRight";
				LD_RUNPATH_SEARCH_PATHS = (
					"$(inherited)",
					"@executable_path/Frameworks",
				);
				MARKETING_VERSION = 1.0;
				PRODUCT_BUNDLE_IDENTIFIER = ola.ChatApp;
				PRODUCT_NAME = "$(TARGET_NAME)";
				SWIFT_EMIT_LOC_STRINGS = YES;
				SWIFT_VERSION = 5.0;
				TARGETED_DEVICE_FAMILY = "1,2";
			};
			name = Release;
		};
		18575E082C0DAF680014D247 /* Debug */ = {
			isa = XCBuildConfiguration;
			buildSettings = {
				ALWAYS_EMBED_SWIFT_STANDARD_LIBRARIES = YES;
				BUNDLE_LOADER = "$(TEST_HOST)";
				CODE_SIGN_STYLE = Automatic;
				CURRENT_PROJECT_VERSION = 1;
				DEVELOPMENT_TEAM = C7RX29D33F;
				GENERATE_INFOPLIST_FILE = YES;
				IPHONEOS_DEPLOYMENT_TARGET = 17.5;
				MARKETING_VERSION = 1.0;
				PRODUCT_BUNDLE_IDENTIFIER = ola.ChatAppTests;
				PRODUCT_NAME = "$(TARGET_NAME)";
				SWIFT_EMIT_LOC_STRINGS = NO;
				SWIFT_VERSION = 5.0;
				TARGETED_DEVICE_FAMILY = "1,2";
				TEST_HOST = "$(BUILT_PRODUCTS_DIR)/ChatApp.app/$(BUNDLE_EXECUTABLE_FOLDER_PATH)/ChatApp";
			};
			name = Debug;
		};
		18575E092C0DAF680014D247 /* Release */ = {
			isa = XCBuildConfiguration;
			buildSettings = {
				ALWAYS_EMBED_SWIFT_STANDARD_LIBRARIES = YES;
				BUNDLE_LOADER = "$(TEST_HOST)";
				CODE_SIGN_STYLE = Automatic;
				CURRENT_PROJECT_VERSION = 1;
				DEVELOPMENT_TEAM = C7RX29D33F;
				GENERATE_INFOPLIST_FILE = YES;
				IPHONEOS_DEPLOYMENT_TARGET = 17.5;
				MARKETING_VERSION = 1.0;
				PRODUCT_BUNDLE_IDENTIFIER = ola.ChatAppTests;
				PRODUCT_NAME = "$(TARGET_NAME)";
				SWIFT_EMIT_LOC_STRINGS = NO;
				SWIFT_VERSION = 5.0;
				TARGETED_DEVICE_FAMILY = "1,2";
				TEST_HOST = "$(BUILT_PRODUCTS_DIR)/ChatApp.app/$(BUNDLE_EXECUTABLE_FOLDER_PATH)/ChatApp";
			};
			name = Release;
		};
		18575E0B2C0DAF680014D247 /* Debug */ = {
			isa = XCBuildConfiguration;
			buildSettings = {
				ALWAYS_EMBED_SWIFT_STANDARD_LIBRARIES = YES;
				CODE_SIGN_STYLE = Automatic;
				CURRENT_PROJECT_VERSION = 1;
				DEVELOPMENT_TEAM = C7RX29D33F;
				GENERATE_INFOPLIST_FILE = YES;
				MARKETING_VERSION = 1.0;
				PRODUCT_BUNDLE_IDENTIFIER = ola.ChatAppUITests;
				PRODUCT_NAME = "$(TARGET_NAME)";
				SWIFT_EMIT_LOC_STRINGS = NO;
				SWIFT_VERSION = 5.0;
				TARGETED_DEVICE_FAMILY = "1,2";
				TEST_TARGET_NAME = ChatApp;
			};
			name = Debug;
		};
		18575E0C2C0DAF680014D247 /* Release */ = {
			isa = XCBuildConfiguration;
			buildSettings = {
				ALWAYS_EMBED_SWIFT_STANDARD_LIBRARIES = YES;
				CODE_SIGN_STYLE = Automatic;
				CURRENT_PROJECT_VERSION = 1;
				DEVELOPMENT_TEAM = C7RX29D33F;
				GENERATE_INFOPLIST_FILE = YES;
				MARKETING_VERSION = 1.0;
				PRODUCT_BUNDLE_IDENTIFIER = ola.ChatAppUITests;
				PRODUCT_NAME = "$(TARGET_NAME)";
				SWIFT_EMIT_LOC_STRINGS = NO;
				SWIFT_VERSION = 5.0;
				TARGETED_DEVICE_FAMILY = "1,2";
				TEST_TARGET_NAME = ChatApp;
			};
			name = Release;
		};
/* End XCBuildConfiguration section */

/* Begin XCConfigurationList section */
		18575DDB2C0DAF660014D247 /* Build configuration list for PBXProject "ChatApp" */ = {
			isa = XCConfigurationList;
			buildConfigurations = (
				18575E022C0DAF680014D247 /* Debug */,
				18575E032C0DAF680014D247 /* Release */,
			);
			defaultConfigurationIsVisible = 0;
			defaultConfigurationName = Release;
		};
		18575E042C0DAF680014D247 /* Build configuration list for PBXNativeTarget "ChatApp" */ = {
			isa = XCConfigurationList;
			buildConfigurations = (
				18575E052C0DAF680014D247 /* Debug */,
				18575E062C0DAF680014D247 /* Release */,
			);
			defaultConfigurationIsVisible = 0;
			defaultConfigurationName = Release;
		};
		18575E072C0DAF680014D247 /* Build configuration list for PBXNativeTarget "ChatAppTests" */ = {
			isa = XCConfigurationList;
			buildConfigurations = (
				18575E082C0DAF680014D247 /* Debug */,
				18575E092C0DAF680014D247 /* Release */,
			);
			defaultConfigurationIsVisible = 0;
			defaultConfigurationName = Release;
		};
		18575E0A2C0DAF680014D247 /* Build configuration list for PBXNativeTarget "ChatAppUITests" */ = {
			isa = XCConfigurationList;
			buildConfigurations = (
				18575E0B2C0DAF680014D247 /* Debug */,
				18575E0C2C0DAF680014D247 /* Release */,
			);
			defaultConfigurationIsVisible = 0;
			defaultConfigurationName = Release;
		};
/* End XCConfigurationList section */

/* Begin XCRemoteSwiftPackageReference section */
		18575E222C0E19050014D247 /* XCRemoteSwiftPackageReference "firebase-ios-sdk" */ = {
			isa = XCRemoteSwiftPackageReference;
			repositoryURL = "https://github.com/firebase/firebase-ios-sdk";
			requirement = {
				kind = upToNextMajorVersion;
				minimumVersion = 10.27.0;
			};
		};
/* End XCRemoteSwiftPackageReference section */

/* Begin XCSwiftPackageProductDependency section */
		18575E232C0E19050014D247 /* FirebaseAuth */ = {
			isa = XCSwiftPackageProductDependency;
			package = 18575E222C0E19050014D247 /* XCRemoteSwiftPackageReference "firebase-ios-sdk" */;
			productName = FirebaseAuth;
		};
		18575E252C0E19050014D247 /* FirebaseStorage */ = {
			isa = XCSwiftPackageProductDependency;
			package = 18575E222C0E19050014D247 /* XCRemoteSwiftPackageReference "firebase-ios-sdk" */;
			productName = FirebaseStorage;
		};
/* End XCSwiftPackageProductDependency section */
	};
	rootObject = 18575DD82C0DAF660014D247 /* Project object */;
}
